
Microsoft Visual Studio Solution File, Format Version 12.00
# Visual Studio Version 16
VisualStudioVersion = 16.0.29215.179
MinimumVisualStudioVersion = 10.0.40219.1
Project("{FAE04EC0-301F-11D3-BF4B-00C04F79EFBC}") = "PlayStation Shop", "PlayStation Shop.csproj", "{2C4E916E-FB15-4F51-864A-654947C8C621}"
EndProject
Global
	GlobalSection(SolutionConfigurationPlatforms) = preSolution
		Debug|Any CPU = Debug|Any CPU
		Release|Any CPU = Release|Any CPU
	EndGlobalSection
	GlobalSection(ProjectConfigurationPlatforms) = postSolution
		{2C4E916E-FB15-4F51-864A-654947C8C621}.Debug|Any CPU.ActiveCfg = Debug|Any CPU
		{2C4E916E-FB15-4F51-864A-654947C8C621}.Debug|Any CPU.Build.0 = Debug|Any CPU
		{2C4E916E-FB15-4F51-864A-654947C8C621}.Release|Any CPU.ActiveCfg = Release|Any CPU
		{2C4E916E-FB15-4F51-864A-654947C8C621}.Release|Any CPU.Build.0 = Release|Any CPU
	EndGlobalSection
	GlobalSection(SolutionProperties) = preSolution
		HideSolutionNode = FALSE
	EndGlobalSection
	GlobalSection(ExtensibilityGlobals) = postSolution
		SolutionGuid = {ED1FA7D8-5D4E-47AE-AB51-6B9FAD6A5D4A}
	EndGlobalSection
EndGlobal
